
Microsoft Visual Studio Solution File, Format Version 12.00
# Visual Studio Version 18
VisualStudioVersion = 18.3.11415.281
MinimumVisualStudioVersion = 10.0.40219.1
Project("{9A19103F-16F7-4668-BE54-9A1E7A4F7556}") = "VariousTests", "VariousTests\VariousTests.csproj", "{3A04C637-856D-4C4D-B3CD-8114134523C1}"
EndProject
Project("{9A19103F-16F7-4668-BE54-9A1E7A4F7556}") = "Various", "Various\Various.csproj", "{D5BC2D67-DCBB-4CDE-8659-7BE3373E51B8}"
EndProject
Project("{9A19103F-16F7-4668-BE54-9A1E7A4F7556}") = "VariousBenchmarks", "VariousBenchmarks\VariousBenchmarks.csproj", "{4A10C5D6-B10F-4A83-A00A-192050F7FBAF}"
EndProject
Project("{2150E333-8FDC-42A3-9474-1A3956D46DE8}") = "SourceGeneration", "SourceGeneration", "{A1B44D2E-1E6E-48B8-BC7B-C6A51559B011}"
EndProject
Project("{9A19103F-16F7-4668-BE54-9A1E7A4F7556}") = "Sandbox", "SourceGeneration\Sandbox\Sandbox.csproj", "{E0130416-7A43-42E5-A88E-A18133211BE0}"
EndProject
Project("{9A19103F-16F7-4668-BE54-9A1E7A4F7556}") = "Generator", "SourceGeneration\Generator\Generator.csproj", "{5B1F630E-943D-4331-959B-F893EA7D1118}"
EndProject
Project("{FAE04EC0-301F-11D3-BF4B-00C04F79EFBC}") = "Generator.Abstractions", "SourceGeneration\Generator.Abstractions\Generator.Abstractions.csproj", "{9624A0E2-4D29-4FB9-A4E0-C0EF798471DE}"
EndProject
Project("{2150E333-8FDC-42A3-9474-1A3956D46DE8}") = "DependantTests", "DependantTests", "{0BDCE5AC-A06C-4481-AAB4-2DE6C88F0744}"
EndProject
Project("{FAE04EC0-301F-11D3-BF4B-00C04F79EFBC}") = "TestsGenerator", "TestsGenerator\TestsGenerator.csproj", "{60920503-8E14-4E91-A04E-8736AD014092}"
EndProject
Project("{FAE04EC0-301F-11D3-BF4B-00C04F79EFBC}") = "TestsToTest", "TestsToTest\TestsToTest.csproj", "{DEEBD537-C354-4730-A230-07993AC01949}"
EndProject
Project("{FAE04EC0-301F-11D3-BF4B-00C04F79EFBC}") = "TestsGenerator.Tests", "TestsGenerator.Tests\TestsGenerator.Tests.csproj", "{B2FAA5F4-71C4-4946-8537-4860EEF6C5F1}"
EndProject
Global
	GlobalSection(SolutionConfigurationPlatforms) = preSolution
		Debug|Any CPU = Debug|Any CPU
		Release|Any CPU = Release|Any CPU
	EndGlobalSection
	GlobalSection(ProjectConfigurationPlatforms) = postSolution
		{3A04C637-856D-4C4D-B3CD-8114134523C1}.Debug|Any CPU.ActiveCfg = Debug|Any CPU
		{3A04C637-856D-4C4D-B3CD-8114134523C1}.Debug|Any CPU.Build.0 = Debug|Any CPU
		{3A04C637-856D-4C4D-B3CD-8114134523C1}.Release|Any CPU.ActiveCfg = Release|Any CPU
		{3A04C637-856D-4C4D-B3CD-8114134523C1}.Release|Any CPU.Build.0 = Release|Any CPU
		{D5BC2D67-DCBB-4CDE-8659-7BE3373E51B8}.Debug|Any CPU.ActiveCfg = Debug|Any CPU
		{D5BC2D67-DCBB-4CDE-8659-7BE3373E51B8}.Debug|Any CPU.Build.0 = Debug|Any CPU
		{D5BC2D67-DCBB-4CDE-8659-7BE3373E51B8}.Release|Any CPU.ActiveCfg = Release|Any CPU
		{D5BC2D67-DCBB-4CDE-8659-7BE3373E51B8}.Release|Any CPU.Build.0 = Release|Any CPU
		{4A10C5D6-B10F-4A83-A00A-192050F7FBAF}.Debug|Any CPU.ActiveCfg = Debug|Any CPU
		{4A10C5D6-B10F-4A83-A00A-192050F7FBAF}.Debug|Any CPU.Build.0 = Debug|Any CPU
		{4A10C5D6-B10F-4A83-A00A-192050F7FBAF}.Release|Any CPU.ActiveCfg = Release|Any CPU
		{4A10C5D6-B10F-4A83-A00A-192050F7FBAF}.Release|Any CPU.Build.0 = Release|Any CPU
		{E0130416-7A43-42E5-A88E-A18133211BE0}.Debug|Any CPU.ActiveCfg = Debug|Any CPU
		{E0130416-7A43-42E5-A88E-A18133211BE0}.Debug|Any CPU.Build.0 = Debug|Any CPU
		{E0130416-7A43-42E5-A88E-A18133211BE0}.Release|Any CPU.ActiveCfg = Release|Any CPU
		{E0130416-7A43-42E5-A88E-A18133211BE0}.Release|Any CPU.Build.0 = Release|Any CPU
		{5B1F630E-943D-4331-959B-F893EA7D1118}.Debug|Any CPU.ActiveCfg = Debug|Any CPU
		{5B1F630E-943D-4331-959B-F893EA7D1118}.Debug|Any CPU.Build.0 = Debug|Any CPU
		{5B1F630E-943D-4331-959B-F893EA7D1118}.Release|Any CPU.ActiveCfg = Release|Any CPU
		{5B1F630E-943D-4331-959B-F893EA7D1118}.Release|Any CPU.Build.0 = Release|Any CPU
		{9624A0E2-4D29-4FB9-A4E0-C0EF798471DE}.Debug|Any CPU.ActiveCfg = Debug|Any CPU
		{9624A0E2-4D29-4FB9-A4E0-C0EF798471DE}.Debug|Any CPU.Build.0 = Debug|Any CPU
		{9624A0E2-4D29-4FB9-A4E0-C0EF798471DE}.Release|Any CPU.ActiveCfg = Release|Any CPU
		{9624A0E2-4D29-4FB9-A4E0-C0EF798471DE}.Release|Any CPU.Build.0 = Release|Any CPU
		{60920503-8E14-4E91-A04E-8736AD014092}.Debug|Any CPU.ActiveCfg = Debug|Any CPU
		{60920503-8E14-4E91-A04E-8736AD014092}.Debug|Any CPU.Build.0 = Debug|Any CPU
		{60920503-8E14-4E91-A04E-8736AD014092}.Release|Any CPU.ActiveCfg = Release|Any CPU
		{60920503-8E14-4E91-A04E-8736AD014092}.Release|Any CPU.Build.0 = Release|Any CPU
		{DEEBD537-C354-4730-A230-07993AC01949}.Debug|Any CPU.ActiveCfg = Debug|Any CPU
		{DEEBD537-C354-4730-A230-07993AC01949}.Debug|Any CPU.Build.0 = Debug|Any CPU
		{DEEBD537-C354-4730-A230-07993AC01949}.Release|Any CPU.ActiveCfg = Release|Any CPU
		{DEEBD537-C354-4730-A230-07993AC01949}.Release|Any CPU.Build.0 = Release|Any CPU
		{B2FAA5F4-71C4-4946-8537-4860EEF6C5F1}.Debug|Any CPU.ActiveCfg = Debug|Any CPU
		{B2FAA5F4-71C4-4946-8537-4860EEF6C5F1}.Debug|Any CPU.Build.0 = Debug|Any CPU
		{B2FAA5F4-71C4-4946-8537-4860EEF6C5F1}.Release|Any CPU.ActiveCfg = Release|Any CPU
		{B2FAA5F4-71C4-4946-8537-4860EEF6C5F1}.Release|Any CPU.Build.0 = Release|Any CPU
	EndGlobalSection
	GlobalSection(SolutionProperties) = preSolution
		HideSolutionNode = FALSE
	EndGlobalSection
	GlobalSection(NestedProjects) = preSolution
		{E0130416-7A43-42E5-A88E-A18133211BE0} = {A1B44D2E-1E6E-48B8-BC7B-C6A51559B011}
		{5B1F630E-943D-4331-959B-F893EA7D1118} = {A1B44D2E-1E6E-48B8-BC7B-C6A51559B011}
		{9624A0E2-4D29-4FB9-A4E0-C0EF798471DE} = {A1B44D2E-1E6E-48B8-BC7B-C6A51559B011}
		{0BDCE5AC-A06C-4481-AAB4-2DE6C88F0744} = {A1B44D2E-1E6E-48B8-BC7B-C6A51559B011}
		{60920503-8E14-4E91-A04E-8736AD014092} = {0BDCE5AC-A06C-4481-AAB4-2DE6C88F0744}
		{DEEBD537-C354-4730-A230-07993AC01949} = {0BDCE5AC-A06C-4481-AAB4-2DE6C88F0744}
		{B2FAA5F4-71C4-4946-8537-4860EEF6C5F1} = {0BDCE5AC-A06C-4481-AAB4-2DE6C88F0744}
	EndGlobalSection
	GlobalSection(ExtensibilityGlobals) = postSolution
		SolutionGuid = {873E67AD-FBBB-4BC2-ACA6-66204E92B37B}
	EndGlobalSection
EndGlobal
